{
  "version": 4,
  "terraform_version": "1.14.8",
  "serial": 8,
  "lineage": "937dead0-98f6-8794-a8c1-4f3f63e4d22f",
  "outputs": {
    "ip_addres": {
      "value": "68.221.252.191,68.221.254.94,68.221.254.129,68.221.254.155,68.221.252.0,68.221.252.52,68.221.252.94,68.221.252.108,68.221.252.138,68.221.252.156,68.221.252.237,68.221.249.13,68.221.89.2",
      "type": "string"
    },
    "web_app_fqdn": {
      "value": "softunibazar-alwa.azurewebsites.net",
      "type": "string"
    }
  },
  "resources": [
    {
      "mode": "managed",
      "type": "azurerm_app_service_source_control",
      "name": "github",
      "provider": "provider[\"registry.terraform.io/hashicorp/azurerm\"]",
      "instances": [
        {
          "schema_version": 0,
          "attributes": {
            "app_id": "/subscriptions/2dfcbb9e-2105-4f58-a821-925c203b6ca4/resourceGroups/SoftUniBazar-RG/providers/Microsoft.Web/sites/SoftUniBazar-ALWA",
            "branch": "main",
            "github_action_configuration": [],
            "id": "/subscriptions/2dfcbb9e-2105-4f58-a821-925c203b6ca4/resourceGroups/SoftUniBazar-RG/providers/Microsoft.Web/sites/SoftUniBazar-ALWA",
            "repo_url": "https://github.com/denniesia/SoftUniBazar-ContainersExam",
            "rollback_enabled": false,
            "scm_type": "ExternalGit",
            "timeouts": null,
            "use_local_git": false,
            "use_manual_integration": true,
            "use_mercurial": false,
            "uses_github_action": false
          },
          "sensitive_attributes": [],
          "identity_schema_version": 0,
          "private": "eyJlMmJmYjczMC1lY2FhLTExZTYtOGY4OC0zNDM2M2JjN2M0YzAiOnsiY3JlYXRlIjoxODAwMDAwMDAwMDAwLCJkZWxldGUiOjE4MDAwMDAwMDAwMDAsInJlYWQiOjMwMDAwMDAwMDAwMH19",
          "dependencies": [
            "azurerm_linux_web_app.alwa",
            "azurerm_mssql_database.sqldatabase",
            "azurerm_mssql_server.sqlserver",
            "azurerm_resource_group.arg",
            "azurerm_service_plan.asp"
          ]
        }
      ]
    },
    {
      "mode": "managed",
      "type": "azurerm_linux_web_app",
      "name": "alwa",
      "provider": "provider[\"registry.terraform.io/hashicorp/azurerm\"]",
      "instances": [
        {
          "schema_version": 1,
          "attributes": {
            "app_settings": null,
            "auth_settings": [
              {
                "active_directory": [],
                "additional_login_parameters": {},
                "allowed_external_redirect_urls": [],
                "default_provider": "",
                "enabled": false,
                "facebook": [],
                "github": [],
                "google": [],
                "issuer": "",
                "microsoft": [],
                "runtime_version": "",
                "token_refresh_extension_hours": 0,
                "token_store_enabled": false,
                "twitter": [],
                "unauthenticated_client_action": ""
              }
            ],
            "auth_settings_v2": [],
            "backup": [],
            "client_affinity_enabled": false,
            "client_certificate_enabled": false,
            "client_certificate_exclusion_paths": "",
            "client_certificate_mode": "Required",
            "connection_string": [
              {
                "name": "DefaultConnection",
                "type": "SQLAzure",
                "value": "Data Source=tcp:softunibazar-sqlserver.database.windows.net,1433;Initial Catalog=softunibazar-sqldatabase;User ID=missadministrator;Password=thisIsKat11;Trusted_Connection=False; MultipleActiveResultSets=True;"
              }
            ],
            "custom_domain_verification_id": "F2CBA898435B9BDD95EF3A37517E8F2F944C4E4E39841CA740F8AC0F13B18E75",
            "default_hostname": "softunibazar-alwa.azurewebsites.net",
            "enabled": true,
            "ftp_publish_basic_authentication_enabled": true,
            "hosting_environment_id": "",
            "https_only": false,
            "id": "/subscriptions/2dfcbb9e-2105-4f58-a821-925c203b6ca4/resourceGroups/SoftUniBazar-RG/providers/Microsoft.Web/sites/SoftUniBazar-ALWA",
            "identity": [],
            "key_vault_reference_identity_id": "SystemAssigned",
            "kind": "app,linux",
            "location": "spaincentral",
            "logs": [],
            "name": "SoftUniBazar-ALWA",
            "outbound_ip_address_list": [
              "68.221.252.191",
              "68.221.254.94",
              "68.221.254.129",
              "68.221.254.155",
              "68.221.252.0",
              "68.221.252.52",
              "68.221.252.94",
              "68.221.252.108",
              "68.221.252.138",
              "68.221.252.156",
              "68.221.252.237",
              "68.221.249.13",
              "68.221.89.2"
            ],
            "outbound_ip_addresses": "68.221.252.191,68.221.254.94,68.221.254.129,68.221.254.155,68.221.252.0,68.221.252.52,68.221.252.94,68.221.252.108,68.221.252.138,68.221.252.156,68.221.252.237,68.221.249.13,68.221.89.2",
            "possible_outbound_ip_address_list": [
              "68.221.252.191",
              "68.221.254.94",
              "68.221.254.129",
              "68.221.254.155",
              "68.221.252.0",
              "68.221.252.52",
              "68.221.252.94",
              "68.221.252.108",
              "68.221.252.138",
              "68.221.252.156",
              "68.221.252.237",
              "68.221.249.13",
              "68.221.253.0",
              "68.221.253.15",
              "68.221.253.21",
              "68.221.250.236",
              "68.221.253.23",
              "68.221.254.40",
              "68.221.250.40",
              "68.221.250.155",
              "68.221.254.53",
              "68.221.254.58",
              "68.221.252.45",
              "68.221.252.204",
              "68.221.254.199",
              "68.221.254.221",
              "68.221.254.232",
              "68.221.254.234",
              "68.221.254.247",
              "68.221.254.254",
              "68.221.89.2"
            ],
            "possible_outbound_ip_addresses": "68.221.252.191,68.221.254.94,68.221.254.129,68.221.254.155,68.221.252.0,68.221.252.52,68.221.252.94,68.221.252.108,68.221.252.138,68.221.252.156,68.221.252.237,68.221.249.13,68.221.253.0,68.221.253.15,68.221.253.21,68.221.250.236,68.221.253.23,68.221.254.40,68.221.250.40,68.221.250.155,68.221.254.53,68.221.254.58,68.221.252.45,68.221.252.204,68.221.254.199,68.221.254.221,68.221.254.232,68.221.254.234,68.221.254.247,68.221.254.254,68.221.89.2",
            "public_network_access_enabled": true,
            "resource_group_name": "SoftUniBazar-RG",
            "service_plan_id": "/subscriptions/2dfcbb9e-2105-4f58-a821-925c203b6ca4/resourceGroups/SoftUniBazar-RG/providers/Microsoft.Web/serverFarms/SoftUniBazar-SP",
            "site_config": [
              {
                "always_on": false,
                "api_definition_url": "",
                "api_management_api_id": "",
                "app_command_line": "",
                "application_stack": [
                  {
                    "docker_image_name": "",
                    "docker_registry_password": "",
                    "docker_registry_url": "",
                    "docker_registry_username": "",
                    "dotnet_version": "6.0",
                    "go_version": "",
                    "java_server": "",
                    "java_server_version": "",
                    "java_version": "",
                    "node_version": "",
                    "php_version": "",
                    "python_version": "",
                    "ruby_version": ""
                  }
                ],
                "auto_heal_setting": [],
                "container_registry_managed_identity_client_id": "",
                "container_registry_use_managed_identity": false,
                "cors": [],
                "default_documents": [
                  "Default.htm",
                  "Default.html",
                  "Default.asp",
                  "index.htm",
                  "index.html",
                  "iisstart.htm",
                  "default.aspx",
                  "index.php",
                  "hostingstart.html"
                ],
                "detailed_error_logging_enabled": false,
                "ftps_state": "Disabled",
                "health_check_eviction_time_in_min": 0,
                "health_check_path": "",
                "http2_enabled": false,
                "ip_restriction": [],
                "ip_restriction_default_action": "Allow",
                "linux_fx_version": "DOTNETCORE|6.0",
                "load_balancing_mode": "LeastRequests",
                "local_mysql_enabled": false,
                "managed_pipeline_mode": "Integrated",
                "minimum_tls_version": "1.2",
                "remote_debugging_enabled": false,
                "remote_debugging_version": "VS2022",
                "scm_ip_restriction": [],
                "scm_ip_restriction_default_action": "Allow",
                "scm_minimum_tls_version": "1.2",
                "scm_type": "None",
                "scm_use_main_ip_restriction": false,
                "use_32_bit_worker": true,
                "vnet_route_all_enabled": false,
                "websockets_enabled": false,
                "worker_count": 1
              }
            ],
            "site_credential": [
              {
                "name": "$SoftUniBazar-ALWA",
                "password": "a7XYzlsow6FXoSkHRBkNcExGYjuhxHEtP0cb21QFj5qmeaAPaC7wEn5kmGkW"
              }
            ],
            "sticky_settings": [],
            "storage_account": [],
            "tags": null,
            "timeouts": null,
            "virtual_network_backup_restore_enabled": false,
            "virtual_network_subnet_id": "",
            "vnet_image_pull_enabled": false,
            "webdeploy_publish_basic_authentication_enabled": true,
            "zip_deploy_file": ""
          },
          "sensitive_attributes": [
            [
              {
                "type": "get_attr",
                "value": "connection_string"
              }
            ],
            [
              {
                "type": "get_attr",
                "value": "custom_domain_verification_id"
              }
            ],
            [
              {
                "type": "get_attr",
                "value": "site_config"
              },
              {
                "type": "index",
                "value": {
                  "value": 0,
                  "type": "number"
                }
              },
              {
                "type": "get_attr",
                "value": "application_stack"
              },
              {
                "type": "index",
                "value": {
                  "value": 0,
                  "type": "number"
                }
              },
              {
                "type": "get_attr",
                "value": "docker_registry_password"
              }
            ],
            [
              {
                "type": "get_attr",
                "value": "site_credential"
              }
            ]
          ],
          "identity_schema_version": 0,
          "private": "eyJlMmJmYjczMC1lY2FhLTExZTYtOGY4OC0zNDM2M2JjN2M0YzAiOnsiY3JlYXRlIjoxODAwMDAwMDAwMDAwLCJkZWxldGUiOjE4MDAwMDAwMDAwMDAsInJlYWQiOjMwMDAwMDAwMDAwMCwidXBkYXRlIjoxODAwMDAwMDAwMDAwfSwic2NoZW1hX3ZlcnNpb24iOiIxIn0=",
          "dependencies": [
            "azurerm_mssql_database.sqldatabase",
            "azurerm_mssql_server.sqlserver",
            "azurerm_resource_group.arg",
            "azurerm_service_plan.asp"
          ]
        }
      ]
    },
    {
      "mode": "managed",
      "type": "azurerm_mssql_database",
      "name": "sqldatabase",
      "provider": "provider[\"registry.terraform.io/hashicorp/azurerm\"]",
      "instances": [
        {
          "schema_version": 1,
          "attributes": {
            "auto_pause_delay_in_minutes": 0,
            "collation": "SQL_Latin1_General_CP1_CI_AS",
            "create_mode": "Default",
            "creation_source_database_id": null,
            "elastic_pool_id": "",
            "enclave_type": "VBS",
            "geo_backup_enabled": true,
            "id": "/subscriptions/2dfcbb9e-2105-4f58-a821-925c203b6ca4/resourceGroups/SoftUniBazar-RG/providers/Microsoft.Sql/servers/softunibazar-sqlserver/databases/softunibazar-sqldatabase",
            "identity": [],
            "import": [],
            "ledger_enabled": false,
            "license_type": "LicenseIncluded",
            "long_term_retention_policy": [
              {
                "immutable_backups_enabled": false,
                "monthly_retention": "PT0S",
                "week_of_year": 1,
                "weekly_retention": "PT0S",
                "yearly_retention": "PT0S"
              }
            ],
            "maintenance_configuration_name": "SQL_Default",
            "max_size_gb": 2,
            "min_capacity": 0,
            "name": "softunibazar-sqldatabase",
            "read_replica_count": 0,
            "read_scale": false,
            "recover_database_id": null,
            "recovery_point_id": null,
            "restore_dropped_database_id": null,
            "restore_long_term_retention_backup_id": null,
            "restore_point_in_time": null,
            "sample_name": null,
            "secondary_type": "",
            "server_id": "/subscriptions/2dfcbb9e-2105-4f58-a821-925c203b6ca4/resourceGroups/SoftUniBazar-RG/providers/Microsoft.Sql/servers/softunibazar-sqlserver",
            "short_term_retention_policy": [
              {
                "backup_interval_in_hours": 24,
                "retention_days": 7
              }
            ],
            "sku_name": "S0",
            "storage_account_type": "Local",
            "tags": null,
            "threat_detection_policy": [
              {
                "disabled_alerts": [],
                "email_account_admins": "Disabled",
                "email_addresses": [],
                "retention_days": 0,
                "state": "Disabled",
                "storage_account_access_key": "",
                "storage_endpoint": ""
              }
            ],
            "timeouts": null,
            "transparent_data_encryption_enabled": true,
            "transparent_data_encryption_key_automatic_rotation_enabled": false,
            "transparent_data_encryption_key_vault_key_id": "",
            "zone_redundant": false
          },
          "sensitive_attributes": [
            [
              {
                "type": "get_attr",
                "value": "threat_detection_policy"
              },
              {
                "type": "index",
                "value": {
                  "value": 0,
                  "type": "number"
                }
              },
              {
                "type": "get_attr",
                "value": "storage_account_access_key"
              }
            ]
          ],
          "identity_schema_version": 0,
          "identity": {
            "name": "softunibazar-sqldatabase",
            "resource_group_name": "SoftUniBazar-RG",
            "server_name": "softunibazar-sqlserver",
            "subscription_id": "2dfcbb9e-2105-4f58-a821-925c203b6ca4"
          },
          "private": "eyJlMmJmYjczMC1lY2FhLTExZTYtOGY4OC0zNDM2M2JjN2M0YzAiOnsiY3JlYXRlIjozNjAwMDAwMDAwMDAwLCJkZWxldGUiOjM2MDAwMDAwMDAwMDAsInJlYWQiOjMwMDAwMDAwMDAwMCwidXBkYXRlIjozNjAwMDAwMDAwMDAwfSwic2NoZW1hX3ZlcnNpb24iOiIxIn0=",
          "dependencies": [
            "azurerm_mssql_server.sqlserver",
            "azurerm_resource_group.arg"
          ]
        }
      ]
    },
    {
      "mode": "managed",
      "type": "azurerm_mssql_firewall_rule",
      "name": "firewallRule",
      "provider": "provider[\"registry.terraform.io/hashicorp/azurerm\"]",
      "instances": [
        {
          "schema_version": 0,
          "attributes": {
            "end_ip_address": "0.0.0.0",
            "id": "/subscriptions/2dfcbb9e-2105-4f58-a821-925c203b6ca4/resourceGroups/SoftUniBazar-RG/providers/Microsoft.Sql/servers/softunibazar-sqlserver/firewallRules/FirewallRule",
            "name": "FirewallRule",
            "server_id": "/subscriptions/2dfcbb9e-2105-4f58-a821-925c203b6ca4/resourceGroups/SoftUniBazar-RG/providers/Microsoft.Sql/servers/softunibazar-sqlserver",
            "start_ip_address": "0.0.0.0",
            "timeouts": null
          },
          "sensitive_attributes": [],
          "identity_schema_version": 0,
          "private": "eyJlMmJmYjczMC1lY2FhLTExZTYtOGY4OC0zNDM2M2JjN2M0YzAiOnsiY3JlYXRlIjoxODAwMDAwMDAwMDAwLCJkZWxldGUiOjE4MDAwMDAwMDAwMDAsInJlYWQiOjMwMDAwMDAwMDAwMCwidXBkYXRlIjoxODAwMDAwMDAwMDAwfX0=",
          "dependencies": [
            "azurerm_mssql_server.sqlserver",
            "azurerm_resource_group.arg"
          ]
        }
      ]
    },
    {
      "mode": "managed",
      "type": "azurerm_mssql_server",
      "name": "sqlserver",
      "provider": "provider[\"registry.terraform.io/hashicorp/azurerm\"]",
      "instances": [
        {
          "schema_version": 0,
          "attributes": {
            "administrator_login": "missadministrator",
            "administrator_login_password": "thisIsKat11",
            "administrator_login_password_wo": null,
            "administrator_login_password_wo_version": 0,
            "azuread_administrator": [],
            "connection_policy": "Default",
            "express_vulnerability_assessment_enabled": false,
            "fully_qualified_domain_name": "softunibazar-sqlserver.database.windows.net",
            "id": "/subscriptions/2dfcbb9e-2105-4f58-a821-925c203b6ca4/resourceGroups/SoftUniBazar-RG/providers/Microsoft.Sql/servers/softunibazar-sqlserver",
            "identity": [],
            "location": "spaincentral",
            "minimum_tls_version": "1.2",
            "name": "softunibazar-sqlserver",
            "outbound_network_restriction_enabled": false,
            "primary_user_assigned_identity_id": "",
            "public_network_access_enabled": true,
            "resource_group_name": "SoftUniBazar-RG",
            "restorable_dropped_database_ids": [],
            "tags": null,
            "timeouts": null,
            "transparent_data_encryption_key_vault_key_id": "",
            "version": "12.0"
          },
          "sensitive_attributes": [
            [
              {
                "type": "get_attr",
                "value": "administrator_login_password"
              }
            ],
            [
              {
                "type": "get_attr",
                "value": "administrator_login_password_wo"
              }
            ]
          ],
          "identity_schema_version": 0,
          "identity": {
            "name": "softunibazar-sqlserver",
            "resource_group_name": "SoftUniBazar-RG",
            "subscription_id": "2dfcbb9e-2105-4f58-a821-925c203b6ca4"
          },
          "private": "eyJlMmJmYjczMC1lY2FhLTExZTYtOGY4OC0zNDM2M2JjN2M0YzAiOnsiY3JlYXRlIjozNjAwMDAwMDAwMDAwLCJkZWxldGUiOjM2MDAwMDAwMDAwMDAsInJlYWQiOjMwMDAwMDAwMDAwMCwidXBkYXRlIjozNjAwMDAwMDAwMDAwfX0=",
          "dependencies": [
            "azurerm_resource_group.arg"
          ]
        }
      ]
    },
    {
      "mode": "managed",
      "type": "azurerm_resource_group",
      "name": "arg",
      "provider": "provider[\"registry.terraform.io/hashicorp/azurerm\"]",
      "instances": [
        {
          "schema_version": 0,
          "attributes": {
            "id": "/subscriptions/2dfcbb9e-2105-4f58-a821-925c203b6ca4/resourceGroups/SoftUniBazar-RG",
            "location": "spaincentral",
            "managed_by": "",
            "name": "SoftUniBazar-RG",
            "tags": null,
            "timeouts": null
          },
          "sensitive_attributes": [],
          "identity_schema_version": 0,
          "identity": {
            "name": "SoftUniBazar-RG",
            "subscription_id": "2dfcbb9e-2105-4f58-a821-925c203b6ca4"
          },
          "private": "eyJlMmJmYjczMC1lY2FhLTExZTYtOGY4OC0zNDM2M2JjN2M0YzAiOnsiY3JlYXRlIjo1NDAwMDAwMDAwMDAwLCJkZWxldGUiOjU0MDAwMDAwMDAwMDAsInJlYWQiOjMwMDAwMDAwMDAwMCwidXBkYXRlIjo1NDAwMDAwMDAwMDAwfX0="
        }
      ]
    },
    {
      "mode": "managed",
      "type": "azurerm_service_plan",
      "name": "asp",
      "provider": "provider[\"registry.terraform.io/hashicorp/azurerm\"]",
      "instances": [
        {
          "schema_version": 1,
          "attributes": {
            "app_service_environment_id": "",
            "id": "/subscriptions/2dfcbb9e-2105-4f58-a821-925c203b6ca4/resourceGroups/SoftUniBazar-RG/providers/Microsoft.Web/serverFarms/SoftUniBazar-SP",
            "kind": "linux",
            "location": "spaincentral",
            "maximum_elastic_worker_count": 1,
            "name": "SoftUniBazar-SP",
            "os_type": "Linux",
            "per_site_scaling_enabled": false,
            "premium_plan_auto_scale_enabled": false,
            "reserved": true,
            "resource_group_name": "SoftUniBazar-RG",
            "sku_name": "F1",
            "tags": null,
            "timeouts": null,
            "worker_count": 1,
            "zone_balancing_enabled": false
          },
          "sensitive_attributes": [],
          "identity_schema_version": 0,
          "identity": {
            "name": "SoftUniBazar-SP",
            "resource_group_name": "SoftUniBazar-RG",
            "subscription_id": "2dfcbb9e-2105-4f58-a821-925c203b6ca4"
          },
          "private": "eyJlMmJmYjczMC1lY2FhLTExZTYtOGY4OC0zNDM2M2JjN2M0YzAiOnsiY3JlYXRlIjozNjAwMDAwMDAwMDAwLCJkZWxldGUiOjM2MDAwMDAwMDAwMDAsInJlYWQiOjMwMDAwMDAwMDAwMCwidXBkYXRlIjozNjAwMDAwMDAwMDAwfSwic2NoZW1hX3ZlcnNpb24iOiIxIn0=",
          "dependencies": [
            "azurerm_resource_group.arg"
          ]
        }
      ]
    }
  ],
  "check_results": null
}
